
Microsoft Visual Studio Solution File, Format Version 12.00
# Visual Studio 15
VisualStudioVersion = 15.0.27428.2015
MinimumVisualStudioVersion = 10.0.40219.1
Project("{FAE04EC0-301F-11D3-BF4B-00C04F79EFBC}") = "Serial Observer", "Serial Observer\Serial Observer.csproj", "{8A164521-390A-4860-BA65-922256DAE7EF}"
EndProject
Global
	GlobalSection(SolutionConfigurationPlatforms) = preSolution
		Debug|Any CPU = Debug|Any CPU
		Release|Any CPU = Release|Any CPU
	EndGlobalSection
	GlobalSection(ProjectConfigurationPlatforms) = postSolution
		{8A164521-390A-4860-BA65-922256DAE7EF}.Debug|Any CPU.ActiveCfg = Debug|Any CPU
		{8A164521-390A-4860-BA65-922256DAE7EF}.Debug|Any CPU.Build.0 = Debug|Any CPU
		{8A164521-390A-4860-BA65-922256DAE7EF}.Release|Any CPU.ActiveCfg = Release|Any CPU
		{8A164521-390A-4860-BA65-922256DAE7EF}.Release|Any CPU.Build.0 = Release|Any CPU
	EndGlobalSection
	GlobalSection(SolutionProperties) = preSolution
		HideSolutionNode = FALSE
	EndGlobalSection
	GlobalSection(ExtensibilityGlobals) = postSolution
		SolutionGuid = {F74407AF-213E-4CFC-A774-E73189B76762}
	EndGlobalSection
EndGlobal
